
Microsoft Visual Studio Solution File, Format Version 12.00
# Visual Studio Version 17
VisualStudioVersion = 17.13.35913.81 d17.13
MinimumVisualStudioVersion = 10.0.40219.1
Project("{FAE04EC0-301F-11D3-BF4B-00C04F79EFBC}") = "Data", "Data\Data.csproj", "{3B6D5BCD-EB7D-44C2-993B-D39EB6CEB7ED}"
EndProject
Project("{FAE04EC0-301F-11D3-BF4B-00C04F79EFBC}") = "DataTest", "DataTest\DataTest.csproj", "{8D195913-13C8-44DC-94D9-4829198171EC}"
EndProject
Project("{FAE04EC0-301F-11D3-BF4B-00C04F79EFBC}") = "Logic", "Logic\Logic.csproj", "{8C823C04-518D-7F5D-DC1B-2C502C583C95}"
EndProject
Project("{FAE04EC0-301F-11D3-BF4B-00C04F79EFBC}") = "LogicTest", "LogicTest\LogicTest.csproj", "{8198CF3A-08BD-D598-64DD-867F749C91D3}"
EndProject
Global
	GlobalSection(SolutionConfigurationPlatforms) = preSolution
		Debug|Any CPU = Debug|Any CPU
		Release|Any CPU = Release|Any CPU
	EndGlobalSection
	GlobalSection(ProjectConfigurationPlatforms) = postSolution
		{3B6D5BCD-EB7D-44C2-993B-D39EB6CEB7ED}.Debug|Any CPU.ActiveCfg = Debug|Any CPU
		{3B6D5BCD-EB7D-44C2-993B-D39EB6CEB7ED}.Debug|Any CPU.Build.0 = Debug|Any CPU
		{3B6D5BCD-EB7D-44C2-993B-D39EB6CEB7ED}.Release|Any CPU.ActiveCfg = Release|Any CPU
		{3B6D5BCD-EB7D-44C2-993B-D39EB6CEB7ED}.Release|Any CPU.Build.0 = Release|Any CPU
		{8D195913-13C8-44DC-94D9-4829198171EC}.Debug|Any CPU.ActiveCfg = Debug|Any CPU
		{8D195913-13C8-44DC-94D9-4829198171EC}.Debug|Any CPU.Build.0 = Debug|Any CPU
		{8D195913-13C8-44DC-94D9-4829198171EC}.Release|Any CPU.ActiveCfg = Release|Any CPU
		{8D195913-13C8-44DC-94D9-4829198171EC}.Release|Any CPU.Build.0 = Release|Any CPU
		{8C823C04-518D-7F5D-DC1B-2C502C583C95}.Debug|Any CPU.ActiveCfg = Debug|Any CPU
		{8C823C04-518D-7F5D-DC1B-2C502C583C95}.Debug|Any CPU.Build.0 = Debug|Any CPU
		{8C823C04-518D-7F5D-DC1B-2C502C583C95}.Release|Any CPU.ActiveCfg = Release|Any CPU
		{8C823C04-518D-7F5D-DC1B-2C502C583C95}.Release|Any CPU.Build.0 = Release|Any CPU
		{8198CF3A-08BD-D598-64DD-867F749C91D3}.Debug|Any CPU.ActiveCfg = Debug|Any CPU
		{8198CF3A-08BD-D598-64DD-867F749C91D3}.Debug|Any CPU.Build.0 = Debug|Any CPU
		{8198CF3A-08BD-D598-64DD-867F749C91D3}.Release|Any CPU.ActiveCfg = Release|Any CPU
		{8198CF3A-08BD-D598-64DD-867F749C91D3}.Release|Any CPU.Build.0 = Release|Any CPU
	EndGlobalSection
	GlobalSection(SolutionProperties) = preSolution
		HideSolutionNode = FALSE
	EndGlobalSection
	GlobalSection(ExtensibilityGlobals) = postSolution
		SolutionGuid = {0EC1C215-07B3-425C-AA3F-CFA2D8552A37}
	EndGlobalSection
EndGlobal
